
Microsoft Visual Studio Solution File, Format Version 12.00
# Visual Studio Version 17
VisualStudioVersion = 17.5.33530.505
MinimumVisualStudioVersion = 10.0.40219.1
Project("{FAE04EC0-301F-11D3-BF4B-00C04F79EFBC}") = "LUT Creator", "LUT Creator.csproj", "{76774039-81C2-4528-98C6-E0F332EA58CF}"
EndProject
Project("{2150E333-8FDC-42A3-9474-1A3956D46DE8}") = "Solution Items", "Solution Items", "{D626ABAB-61D5-44F7-89FE-F3661225AF51}"
	ProjectSection(SolutionItems) = preProject
		.editorconfig = .editorconfig
	EndProjectSection
EndProject
Global
	GlobalSection(SolutionConfigurationPlatforms) = preSolution
		Debug|Any CPU = Debug|Any CPU
		Release|Any CPU = Release|Any CPU
	EndGlobalSection
	GlobalSection(ProjectConfigurationPlatforms) = postSolution
		{76774039-81C2-4528-98C6-E0F332EA58CF}.Debug|Any CPU.ActiveCfg = Debug|Any CPU
		{76774039-81C2-4528-98C6-E0F332EA58CF}.Debug|Any CPU.Build.0 = Debug|Any CPU
		{76774039-81C2-4528-98C6-E0F332EA58CF}.Release|Any CPU.ActiveCfg = Release|Any CPU
		{76774039-81C2-4528-98C6-E0F332EA58CF}.Release|Any CPU.Build.0 = Release|Any CPU
	EndGlobalSection
	GlobalSection(SolutionProperties) = preSolution
		HideSolutionNode = FALSE
	EndGlobalSection
	GlobalSection(ExtensibilityGlobals) = postSolution
		SolutionGuid = {E23F5D6E-E803-42B4-84BA-1A0BBEB6CB52}
	EndGlobalSection
EndGlobal
